
Microsoft Visual Studio Solution File, Format Version 12.00
# Visual Studio Version 16
VisualStudioVersion = 16.0.29509.3
MinimumVisualStudioVersion = 10.0.40219.1
Project("{FAE04EC0-301F-11D3-BF4B-00C04F79EFBC}") = "LearningXamarin.Android", "LearningXamarin\LearningXamarin.Android\LearningXamarin.Android.csproj", "{14B1B59F-14F9-4925-BD29-72B15D137E9F}"
EndProject
Project("{FAE04EC0-301F-11D3-BF4B-00C04F79EFBC}") = "LearningXamarin.iOS", "LearningXamarin\LearningXamarin.iOS\LearningXamarin.iOS.csproj", "{0202ADDE-2601-4830-BD1E-6A7E8B9CA3E3}"
EndProject
Project("{FAE04EC0-301F-11D3-BF4B-00C04F79EFBC}") = "LearningXamarin", "LearningXamarin\LearningXamarin\LearningXamarin.csproj", "{CA785D2F-3EFB-4073-904F-6B47CFA3614A}"
EndProject
Global
	GlobalSection(SolutionConfigurationPlatforms) = preSolution
		Debug|Any CPU = Debug|Any CPU
		Debug|iPhone = Debug|iPhone
		Debug|iPhoneSimulator = Debug|iPhoneSimulator
		Release|Any CPU = Release|Any CPU
		Release|iPhone = Release|iPhone
		Release|iPhoneSimulator = Release|iPhoneSimulator
	EndGlobalSection
	GlobalSection(ProjectConfigurationPlatforms) = postSolution
		{14B1B59F-14F9-4925-BD29-72B15D137E9F}.Debug|Any CPU.ActiveCfg = Debug|Any CPU
		{14B1B59F-14F9-4925-BD29-72B15D137E9F}.Debug|Any CPU.Build.0 = Debug|Any CPU
		{14B1B59F-14F9-4925-BD29-72B15D137E9F}.Debug|Any CPU.Deploy.0 = Debug|Any CPU
		{14B1B59F-14F9-4925-BD29-72B15D137E9F}.Debug|iPhone.ActiveCfg = Debug|Any CPU
		{14B1B59F-14F9-4925-BD29-72B15D137E9F}.Debug|iPhone.Build.0 = Debug|Any CPU
		{14B1B59F-14F9-4925-BD29-72B15D137E9F}.Debug|iPhone.Deploy.0 = Debug|Any CPU
		{14B1B59F-14F9-4925-BD29-72B15D137E9F}.Debug|iPhoneSimulator.ActiveCfg = Debug|Any CPU
		{14B1B59F-14F9-4925-BD29-72B15D137E9F}.Debug|iPhoneSimulator.Build.0 = Debug|Any CPU
		{14B1B59F-14F9-4925-BD29-72B15D137E9F}.Debug|iPhoneSimulator.Deploy.0 = Debug|Any CPU
		{14B1B59F-14F9-4925-BD29-72B15D137E9F}.Release|Any CPU.ActiveCfg = Release|Any CPU
		{14B1B59F-14F9-4925-BD29-72B15D137E9F}.Release|Any CPU.Build.0 = Release|Any CPU
		{14B1B59F-14F9-4925-BD29-72B15D137E9F}.Release|Any CPU.Deploy.0 = Release|Any CPU
		{14B1B59F-14F9-4925-BD29-72B15D137E9F}.Release|iPhone.ActiveCfg = Release|Any CPU
		{14B1B59F-14F9-4925-BD29-72B15D137E9F}.Release|iPhone.Build.0 = Release|Any CPU
		{14B1B59F-14F9-4925-BD29-72B15D137E9F}.Release|iPhone.Deploy.0 = Release|Any CPU
		{14B1B59F-14F9-4925-BD29-72B15D137E9F}.Release|iPhoneSimulator.ActiveCfg = Release|Any CPU
		{14B1B59F-14F9-4925-BD29-72B15D137E9F}.Release|iPhoneSimulator.Build.0 = Release|Any CPU
		{14B1B59F-14F9-4925-BD29-72B15D137E9F}.Release|iPhoneSimulator.Deploy.0 = Release|Any CPU
		{0202ADDE-2601-4830-BD1E-6A7E8B9CA3E3}.Debug|Any CPU.ActiveCfg = Debug|iPhoneSimulator
		{0202ADDE-2601-4830-BD1E-6A7E8B9CA3E3}.Debug|Any CPU.Build.0 = Debug|iPhoneSimulator
		{0202ADDE-2601-4830-BD1E-6A7E8B9CA3E3}.Debug|Any CPU.Deploy.0 = Debug|iPhoneSimulator
		{0202ADDE-2601-4830-BD1E-6A7E8B9CA3E3}.Debug|iPhone.ActiveCfg = Debug|iPhone
		{0202ADDE-2601-4830-BD1E-6A7E8B9CA3E3}.Debug|iPhone.Build.0 = Debug|iPhone
		{0202ADDE-2601-4830-BD1E-6A7E8B9CA3E3}.Debug|iPhone.Deploy.0 = Debug|iPhone
		{0202ADDE-2601-4830-BD1E-6A7E8B9CA3E3}.Debug|iPhoneSimulator.ActiveCfg = Debug|iPhoneSimulator
		{0202ADDE-2601-4830-BD1E-6A7E8B9CA3E3}.Debug|iPhoneSimulator.Build.0 = Debug|iPhoneSimulator
		{0202ADDE-2601-4830-BD1E-6A7E8B9CA3E3}.Debug|iPhoneSimulator.Deploy.0 = Debug|iPhoneSimulator
		{0202ADDE-2601-4830-BD1E-6A7E8B9CA3E3}.Release|Any CPU.ActiveCfg = Release|iPhone
		{0202ADDE-2601-4830-BD1E-6A7E8B9CA3E3}.Release|Any CPU.Build.0 = Release|iPhone
		{0202ADDE-2601-4830-BD1E-6A7E8B9CA3E3}.Release|Any CPU.Deploy.0 = Release|iPhone
		{0202ADDE-2601-4830-BD1E-6A7E8B9CA3E3}.Release|iPhone.ActiveCfg = Release|iPhone
		{0202ADDE-2601-4830-BD1E-6A7E8B9CA3E3}.Release|iPhone.Build.0 = Release|iPhone
		{0202ADDE-2601-4830-BD1E-6A7E8B9CA3E3}.Release|iPhone.Deploy.0 = Release|iPhone
		{0202ADDE-2601-4830-BD1E-6A7E8B9CA3E3}.Release|iPhoneSimulator.ActiveCfg = Release|iPhoneSimulator
		{0202ADDE-2601-4830-BD1E-6A7E8B9CA3E3}.Release|iPhoneSimulator.Build.0 = Release|iPhoneSimulator
		{0202ADDE-2601-4830-BD1E-6A7E8B9CA3E3}.Release|iPhoneSimulator.Deploy.0 = Release|iPhoneSimulator
		{CA785D2F-3EFB-4073-904F-6B47CFA3614A}.Debug|Any CPU.ActiveCfg = Debug|Any CPU
		{CA785D2F-3EFB-4073-904F-6B47CFA3614A}.Debug|Any CPU.Build.0 = Debug|Any CPU
		{CA785D2F-3EFB-4073-904F-6B47CFA3614A}.Debug|Any CPU.Deploy.0 = Debug|Any CPU
		{CA785D2F-3EFB-4073-904F-6B47CFA3614A}.Debug|iPhone.ActiveCfg = Debug|Any CPU
		{CA785D2F-3EFB-4073-904F-6B47CFA3614A}.Debug|iPhone.Build.0 = Debug|Any CPU
		{CA785D2F-3EFB-4073-904F-6B47CFA3614A}.Debug|iPhone.Deploy.0 = Debug|Any CPU
		{CA785D2F-3EFB-4073-904F-6B47CFA3614A}.Debug|iPhoneSimulator.ActiveCfg = Debug|Any CPU
		{CA785D2F-3EFB-4073-904F-6B47CFA3614A}.Debug|iPhoneSimulator.Build.0 = Debug|Any CPU
		{CA785D2F-3EFB-4073-904F-6B47CFA3614A}.Debug|iPhoneSimulator.Deploy.0 = Debug|Any CPU
		{CA785D2F-3EFB-4073-904F-6B47CFA3614A}.Release|Any CPU.ActiveCfg = Release|Any CPU
		{CA785D2F-3EFB-4073-904F-6B47CFA3614A}.Release|Any CPU.Build.0 = Release|Any CPU
		{CA785D2F-3EFB-4073-904F-6B47CFA3614A}.Release|Any CPU.Deploy.0 = Release|Any CPU
		{CA785D2F-3EFB-4073-904F-6B47CFA3614A}.Release|iPhone.ActiveCfg = Release|Any CPU
		{CA785D2F-3EFB-4073-904F-6B47CFA3614A}.Release|iPhone.Build.0 = Release|Any CPU
		{CA785D2F-3EFB-4073-904F-6B47CFA3614A}.Release|iPhone.Deploy.0 = Release|Any CPU
		{CA785D2F-3EFB-4073-904F-6B47CFA3614A}.Release|iPhoneSimulator.ActiveCfg = Release|Any CPU
		{CA785D2F-3EFB-4073-904F-6B47CFA3614A}.Release|iPhoneSimulator.Build.0 = Release|Any CPU
		{CA785D2F-3EFB-4073-904F-6B47CFA3614A}.Release|iPhoneSimulator.Deploy.0 = Release|Any CPU
	EndGlobalSection
	GlobalSection(SolutionProperties) = preSolution
		HideSolutionNode = FALSE
	EndGlobalSection
	GlobalSection(ExtensibilityGlobals) = postSolution
		SolutionGuid = {637177A4-5B56-4E19-94D5-760B696A4021}
	EndGlobalSection
EndGlobal
